
Microsoft Visual Studio Solution File, Format Version 12.00
# Visual Studio Version 17
VisualStudioVersion = 17.6.33815.320
MinimumVisualStudioVersion = 10.0.40219.1
Project("{9A19103F-16F7-4668-BE54-9A1E7A4F7556}") = "NIDaqSimulator", "NIDaqSimulator.csproj", "{75671296-73E2-423C-B972-FC05BDACB76C}"
EndProject
Global
	GlobalSection(SolutionConfigurationPlatforms) = preSolution
		Debug|x86 = Debug|x86
		Release|x86 = Release|x86
	EndGlobalSection
	GlobalSection(ProjectConfigurationPlatforms) = postSolution
		{75671296-73E2-423C-B972-FC05BDACB76C}.Debug|x86.ActiveCfg = Debug|x86
		{75671296-73E2-423C-B972-FC05BDACB76C}.Debug|x86.Build.0 = Debug|x86
		{75671296-73E2-423C-B972-FC05BDACB76C}.Release|x86.ActiveCfg = Release|x86
		{75671296-73E2-423C-B972-FC05BDACB76C}.Release|x86.Build.0 = Release|x86
	EndGlobalSection
	GlobalSection(SolutionProperties) = preSolution
		HideSolutionNode = FALSE
	EndGlobalSection
	GlobalSection(ExtensibilityGlobals) = postSolution
		SolutionGuid = {039005BD-36DD-4ECA-B11F-B76EB01E3D41}
	EndGlobalSection
EndGlobal
